
Microsoft Visual Studio Solution File, Format Version 12.00
# Visual Studio 15
VisualStudioVersion = 15.0.26730.12
MinimumVisualStudioVersion = 10.0.40219.1
Project("{FAE04EC0-301F-11D3-BF4B-00C04F79EFBC}") = "HelloWorld", "HelloWorld\HelloWorld.csproj", "{4C7798FE-70EC-4EEC-A2D0-37AD11167A2E}"
EndProject
Project("{FAE04EC0-301F-11D3-BF4B-00C04F79EFBC}") = "NumSum", "NumSum\NumSum.csproj", "{7AD6E930-9F5B-4FD8-A6F3-ED329F25C1C6}"
EndProject
Project("{FAE04EC0-301F-11D3-BF4B-00C04F79EFBC}") = "EmployeeData", "EmployeeData\EmployeeData.csproj", "{99BE7770-9587-490B-BAB3-478BD9712931}"
EndProject
Global
	GlobalSection(SolutionConfigurationPlatforms) = preSolution
		Debug|Any CPU = Debug|Any CPU
		Release|Any CPU = Release|Any CPU
	EndGlobalSection
	GlobalSection(ProjectConfigurationPlatforms) = postSolution
		{4C7798FE-70EC-4EEC-A2D0-37AD11167A2E}.Debug|Any CPU.ActiveCfg = Debug|Any CPU
		{4C7798FE-70EC-4EEC-A2D0-37AD11167A2E}.Debug|Any CPU.Build.0 = Debug|Any CPU
		{4C7798FE-70EC-4EEC-A2D0-37AD11167A2E}.Release|Any CPU.ActiveCfg = Release|Any CPU
		{4C7798FE-70EC-4EEC-A2D0-37AD11167A2E}.Release|Any CPU.Build.0 = Release|Any CPU
		{7AD6E930-9F5B-4FD8-A6F3-ED329F25C1C6}.Debug|Any CPU.ActiveCfg = Debug|Any CPU
		{7AD6E930-9F5B-4FD8-A6F3-ED329F25C1C6}.Debug|Any CPU.Build.0 = Debug|Any CPU
		{7AD6E930-9F5B-4FD8-A6F3-ED329F25C1C6}.Release|Any CPU.ActiveCfg = Release|Any CPU
		{7AD6E930-9F5B-4FD8-A6F3-ED329F25C1C6}.Release|Any CPU.Build.0 = Release|Any CPU
		{99BE7770-9587-490B-BAB3-478BD9712931}.Debug|Any CPU.ActiveCfg = Debug|Any CPU
		{99BE7770-9587-490B-BAB3-478BD9712931}.Debug|Any CPU.Build.0 = Debug|Any CPU
		{99BE7770-9587-490B-BAB3-478BD9712931}.Release|Any CPU.ActiveCfg = Release|Any CPU
		{99BE7770-9587-490B-BAB3-478BD9712931}.Release|Any CPU.Build.0 = Release|Any CPU
	EndGlobalSection
	GlobalSection(SolutionProperties) = preSolution
		HideSolutionNode = FALSE
	EndGlobalSection
	GlobalSection(ExtensibilityGlobals) = postSolution
		SolutionGuid = {9DF065FB-CFEA-4B4F-96D0-D5D6E576B846}
	EndGlobalSection
EndGlobal
