
Microsoft Visual Studio Solution File, Format Version 12.00
# Visual Studio 15
VisualStudioVersion = 15.0.26730.16
MinimumVisualStudioVersion = 10.0.40219.1
Project("{FAE04EC0-301F-11D3-BF4B-00C04F79EFBC}") = "p01Blank Receipt", "p01Blank Receipt\p01Blank Receipt.csproj", "{BC93477D-5901-44CB-8C99-9104C79D8D31}"
EndProject
Project("{FAE04EC0-301F-11D3-BF4B-00C04F79EFBC}") = "p02SighOfIntegerNumber", "p02SighOfIntegerNumber\p02SighOfIntegerNumber.csproj", "{7A8FC5BA-78B8-4F99-891A-1384723C7225}"
EndProject
Global
	GlobalSection(SolutionConfigurationPlatforms) = preSolution
		Debug|Any CPU = Debug|Any CPU
		Release|Any CPU = Release|Any CPU
	EndGlobalSection
	GlobalSection(ProjectConfigurationPlatforms) = postSolution
		{BC93477D-5901-44CB-8C99-9104C79D8D31}.Debug|Any CPU.ActiveCfg = Debug|Any CPU
		{BC93477D-5901-44CB-8C99-9104C79D8D31}.Debug|Any CPU.Build.0 = Debug|Any CPU
		{BC93477D-5901-44CB-8C99-9104C79D8D31}.Release|Any CPU.ActiveCfg = Release|Any CPU
		{BC93477D-5901-44CB-8C99-9104C79D8D31}.Release|Any CPU.Build.0 = Release|Any CPU
		{7A8FC5BA-78B8-4F99-891A-1384723C7225}.Debug|Any CPU.ActiveCfg = Debug|Any CPU
		{7A8FC5BA-78B8-4F99-891A-1384723C7225}.Debug|Any CPU.Build.0 = Debug|Any CPU
		{7A8FC5BA-78B8-4F99-891A-1384723C7225}.Release|Any CPU.ActiveCfg = Release|Any CPU
		{7A8FC5BA-78B8-4F99-891A-1384723C7225}.Release|Any CPU.Build.0 = Release|Any CPU
	EndGlobalSection
	GlobalSection(SolutionProperties) = preSolution
		HideSolutionNode = FALSE
	EndGlobalSection
	GlobalSection(ExtensibilityGlobals) = postSolution
		SolutionGuid = {8842E591-2BA6-4B3B-A7B9-D17842C6B278}
	EndGlobalSection
EndGlobal
